Microsoft Visual Studio Solution File, Format Version 12.00
# Visual Studio 15
VisualStudioVersion = 15.0.26228.9
MinimumVisualStudioVersion = 15.0.26124.0
Project("{9A19103F-16F7-4668-BE54-9A1E7A4F7556}") = "LegoHub.Data", "LegoHub.Data\LegoHub.Data.csproj", "{6DB26B13-2326-4F19-B417-412274FCFEAC}"
EndProject
Project("{9A19103F-16F7-4668-BE54-9A1E7A4F7556}") = "LegoHub.WebApi", "LegoHub.WebApi\LegoHub.WebApi.csproj", "{800907D8-4B96-43C3-8A35-4D25428169C7}"
EndProject
Global
	GlobalSection(SolutionConfigurationPlatforms) = preSolution
		Debug|Any CPU = Debug|Any CPU
		Debug|x64 = Debug|x64
		Debug|x86 = Debug|x86
		Release|Any CPU = Release|Any CPU
		Release|x64 = Release|x64
		Release|x86 = Release|x86
	EndGlobalSection
	GlobalSection(ProjectConfigurationPlatforms) = postSolution
		{6DB26B13-2326-4F19-B417-412274FCFEAC}.Debug|Any CPU.ActiveCfg = Debug|Any CPU
		{6DB26B13-2326-4F19-B417-412274FCFEAC}.Debug|Any CPU.Build.0 = Debug|Any CPU
		{6DB26B13-2326-4F19-B417-412274FCFEAC}.Debug|x64.ActiveCfg = Debug|Any CPU
		{6DB26B13-2326-4F19-B417-412274FCFEAC}.Debug|x64.Build.0 = Debug|Any CPU
		{6DB26B13-2326-4F19-B417-412274FCFEAC}.Debug|x86.ActiveCfg = Debug|Any CPU
		{6DB26B13-2326-4F19-B417-412274FCFEAC}.Debug|x86.Build.0 = Debug|Any CPU
		{6DB26B13-2326-4F19-B417-412274FCFEAC}.Release|Any CPU.ActiveCfg = Release|Any CPU
		{6DB26B13-2326-4F19-B417-412274FCFEAC}.Release|Any CPU.Build.0 = Release|Any CPU
		{6DB26B13-2326-4F19-B417-412274FCFEAC}.Release|x64.ActiveCfg = Release|Any CPU
		{6DB26B13-2326-4F19-B417-412274FCFEAC}.Release|x64.Build.0 = Release|Any CPU
		{6DB26B13-2326-4F19-B417-412274FCFEAC}.Release|x86.ActiveCfg = Release|Any CPU
		{6DB26B13-2326-4F19-B417-412274FCFEAC}.Release|x86.Build.0 = Release|Any CPU
		{800907D8-4B96-43C3-8A35-4D25428169C7}.Debug|Any CPU.ActiveCfg = Debug|Any CPU
		{800907D8-4B96-43C3-8A35-4D25428169C7}.Debug|Any CPU.Build.0 = Debug|Any CPU
		{800907D8-4B96-43C3-8A35-4D25428169C7}.Debug|x64.ActiveCfg = Debug|Any CPU
		{800907D8-4B96-43C3-8A35-4D25428169C7}.Debug|x64.Build.0 = Debug|Any CPU
		{800907D8-4B96-43C3-8A35-4D25428169C7}.Debug|x86.ActiveCfg = Debug|Any CPU
		{800907D8-4B96-43C3-8A35-4D25428169C7}.Debug|x86.Build.0 = Debug|Any CPU
		{800907D8-4B96-43C3-8A35-4D25428169C7}.Release|Any CPU.ActiveCfg = Release|Any CPU
		{800907D8-4B96-43C3-8A35-4D25428169C7}.Release|Any CPU.Build.0 = Release|Any CPU
		{800907D8-4B96-43C3-8A35-4D25428169C7}.Release|x64.ActiveCfg = Release|Any CPU
		{800907D8-4B96-43C3-8A35-4D25428169C7}.Release|x64.Build.0 = Release|Any CPU
		{800907D8-4B96-43C3-8A35-4D25428169C7}.Release|x86.ActiveCfg = Release|Any CPU
		{800907D8-4B96-43C3-8A35-4D25428169C7}.Release|x86.Build.0 = Release|Any CPU
	EndGlobalSection
	GlobalSection(SolutionProperties) = preSolution
		HideSolutionNode = FALSE
	EndGlobalSection
EndGlobal
