
Microsoft Visual Studio Solution File, Format Version 12.00
# Visual Studio 14
VisualStudioVersion = 14.0.25420.1
MinimumVisualStudioVersion = 10.0.40219.1
Project("{2150E333-8FDC-42A3-9474-1A3956D46DE8}") = "src", "src", "{EC06E218-47DA-44E2-96F7-B5F14781D608}"
EndProject
Project("{2150E333-8FDC-42A3-9474-1A3956D46DE8}") = "Solution Items", "Solution Items", "{A4C8096F-74B6-4F9D-8A6E-AF08C58D7C68}"
	ProjectSection(SolutionItems) = preProject
		global.json = global.json
	EndProjectSection
EndProject
Project("{8BB2217D-0F2D-49D1-97BC-3654ED321F3B}") = "MyBrickset.WebApi", "src\MyBrickset.WebApi\MyBrickset.WebApi.xproj", "{5687A6BD-F512-4B58-A2B0-5F5170DCA0FC}"
EndProject
Project("{2150E333-8FDC-42A3-9474-1A3956D46DE8}") = "MyBrickset.WebApp", "MyBrickset.WebApp", "{506A7B2C-363F-4BF4-9543-543524BFB08E}"
	ProjectSection(SolutionItems) = preProject
		src\MyBrickset.WebApp\package.json = src\MyBrickset.WebApp\package.json
		src\MyBrickset.WebApp\tsconfig.json = src\MyBrickset.WebApp\tsconfig.json
		src\MyBrickset.WebApp\typings.json = src\MyBrickset.WebApp\typings.json
		src\MyBrickset.WebApp\webpack.config.js = src\MyBrickset.WebApp\webpack.config.js
	EndProjectSection
EndProject
Project("{8BB2217D-0F2D-49D1-97BC-3654ED321F3B}") = "MyBrickset.Data", "src\MyBrickset.Data\MyBrickset.Data.xproj", "{F06F1C21-F64A-4827-9788-A78386E5787F}"
EndProject
Global
	GlobalSection(SolutionConfigurationPlatforms) = preSolution
		Debug|Any CPU = Debug|Any CPU
		Release|Any CPU = Release|Any CPU
	EndGlobalSection
	GlobalSection(ProjectConfigurationPlatforms) = postSolution
		{5687A6BD-F512-4B58-A2B0-5F5170DCA0FC}.Debug|Any CPU.ActiveCfg = Debug|Any CPU
		{5687A6BD-F512-4B58-A2B0-5F5170DCA0FC}.Debug|Any CPU.Build.0 = Debug|Any CPU
		{5687A6BD-F512-4B58-A2B0-5F5170DCA0FC}.Release|Any CPU.ActiveCfg = Release|Any CPU
		{5687A6BD-F512-4B58-A2B0-5F5170DCA0FC}.Release|Any CPU.Build.0 = Release|Any CPU
		{F06F1C21-F64A-4827-9788-A78386E5787F}.Debug|Any CPU.ActiveCfg = Debug|Any CPU
		{F06F1C21-F64A-4827-9788-A78386E5787F}.Debug|Any CPU.Build.0 = Debug|Any CPU
		{F06F1C21-F64A-4827-9788-A78386E5787F}.Release|Any CPU.ActiveCfg = Release|Any CPU
		{F06F1C21-F64A-4827-9788-A78386E5787F}.Release|Any CPU.Build.0 = Release|Any CPU
	EndGlobalSection
	GlobalSection(SolutionProperties) = preSolution
		HideSolutionNode = FALSE
	EndGlobalSection
	GlobalSection(NestedProjects) = preSolution
		{5687A6BD-F512-4B58-A2B0-5F5170DCA0FC} = {EC06E218-47DA-44E2-96F7-B5F14781D608}
		{506A7B2C-363F-4BF4-9543-543524BFB08E} = {EC06E218-47DA-44E2-96F7-B5F14781D608}
		{F06F1C21-F64A-4827-9788-A78386E5787F} = {EC06E218-47DA-44E2-96F7-B5F14781D608}
	EndGlobalSection
EndGlobal
